
Microsoft Visual Studio Solution File, Format Version 12.00
# Visual Studio Version 17
VisualStudioVersion = 17.1.32210.238
MinimumVisualStudioVersion = 10.0.40219.1
Project("{FAE04EC0-301F-11D3-BF4B-00C04F79EFBC}") = "TrainApp.API", "TrainApp.API\TrainApp.API.csproj", "{110CC697-395D-4E33-86D2-3DF6FF874328}"
EndProject
Project("{FAE04EC0-301F-11D3-BF4B-00C04F79EFBC}") = "TrainApp.Services", "TrainApp.Services\TrainApp.Services.csproj", "{7D074F4E-24AF-4DD6-85F8-D1465732F8E3}"
EndProject
Project("{FAE04EC0-301F-11D3-BF4B-00C04F79EFBC}") = "TrainApp.Dtos", "TrainApp.Dtos\TrainApp.Dtos.csproj", "{A737EE2B-0683-4846-8DBE-8837672579DA}"
EndProject
Project("{FAE04EC0-301F-11D3-BF4B-00C04F79EFBC}") = "TrainApp.Persistence", "TrainApp.Persistence\TrainApp.Persistence.csproj", "{06900CFD-6C75-43BC-8BE0-E02B25072998}"
EndProject
Project("{FAE04EC0-301F-11D3-BF4B-00C04F79EFBC}") = "TrainApp.Entities", "TrainApp.Entities\TrainApp.Entities.csproj", "{27CA7965-FB24-476E-B14E-420DAD18B6C1}"
EndProject
Global
	GlobalSection(SolutionConfigurationPlatforms) = preSolution
		Debug|Any CPU = Debug|Any CPU
		Release|Any CPU = Release|Any CPU
	EndGlobalSection
	GlobalSection(ProjectConfigurationPlatforms) = postSolution
		{110CC697-395D-4E33-86D2-3DF6FF874328}.Debug|Any CPU.ActiveCfg = Debug|Any CPU
		{110CC697-395D-4E33-86D2-3DF6FF874328}.Debug|Any CPU.Build.0 = Debug|Any CPU
		{110CC697-395D-4E33-86D2-3DF6FF874328}.Release|Any CPU.ActiveCfg = Release|Any CPU
		{110CC697-395D-4E33-86D2-3DF6FF874328}.Release|Any CPU.Build.0 = Release|Any CPU
		{7D074F4E-24AF-4DD6-85F8-D1465732F8E3}.Debug|Any CPU.ActiveCfg = Debug|Any CPU
		{7D074F4E-24AF-4DD6-85F8-D1465732F8E3}.Debug|Any CPU.Build.0 = Debug|Any CPU
		{7D074F4E-24AF-4DD6-85F8-D1465732F8E3}.Release|Any CPU.ActiveCfg = Release|Any CPU
		{7D074F4E-24AF-4DD6-85F8-D1465732F8E3}.Release|Any CPU.Build.0 = Release|Any CPU
		{A737EE2B-0683-4846-8DBE-8837672579DA}.Debug|Any CPU.ActiveCfg = Debug|Any CPU
		{A737EE2B-0683-4846-8DBE-8837672579DA}.Debug|Any CPU.Build.0 = Debug|Any CPU
		{A737EE2B-0683-4846-8DBE-8837672579DA}.Release|Any CPU.ActiveCfg = Release|Any CPU
		{A737EE2B-0683-4846-8DBE-8837672579DA}.Release|Any CPU.Build.0 = Release|Any CPU
		{06900CFD-6C75-43BC-8BE0-E02B25072998}.Debug|Any CPU.ActiveCfg = Debug|Any CPU
		{06900CFD-6C75-43BC-8BE0-E02B25072998}.Debug|Any CPU.Build.0 = Debug|Any CPU
		{06900CFD-6C75-43BC-8BE0-E02B25072998}.Release|Any CPU.ActiveCfg = Release|Any CPU
		{06900CFD-6C75-43BC-8BE0-E02B25072998}.Release|Any CPU.Build.0 = Release|Any CPU
		{27CA7965-FB24-476E-B14E-420DAD18B6C1}.Debug|Any CPU.ActiveCfg = Debug|Any CPU
		{27CA7965-FB24-476E-B14E-420DAD18B6C1}.Debug|Any CPU.Build.0 = Debug|Any CPU
		{27CA7965-FB24-476E-B14E-420DAD18B6C1}.Release|Any CPU.ActiveCfg = Release|Any CPU
		{27CA7965-FB24-476E-B14E-420DAD18B6C1}.Release|Any CPU.Build.0 = Release|Any CPU
	EndGlobalSection
	GlobalSection(SolutionProperties) = preSolution
		HideSolutionNode = FALSE
	EndGlobalSection
	GlobalSection(ExtensibilityGlobals) = postSolution
		SolutionGuid = {47A47F83-2602-48CA-B470-6D3405EC8F19}
	EndGlobalSection
EndGlobal
